
Microsoft Visual Studio Solution File, Format Version 12.00
# Visual Studio Version 17
VisualStudioVersion = 17.12.35728.132
MinimumVisualStudioVersion = 10.0.40219.1
Project("{FAE04EC0-301F-11D3-BF4B-00C04F79EFBC}") = "WordAI.VSTO", "WordAI.VSTO\WordAI.VSTO.csproj", "{7B212053-97FC-40F2-822B-6E03E110712D}"
EndProject
Project("{FAE04EC0-301F-11D3-BF4B-00C04F79EFBC}") = "WordAI.Tests", "WordAI.Tests\WordAI.Tests.csproj", "{D7F21117-4710-97F2-2D2B-6FF261223F2C}"
EndProject
Global
	GlobalSection(SolutionConfigurationPlatforms) = preSolution
		Debug|Any CPU = Debug|Any CPU
		Release|Any CPU = Release|Any CPU
	EndGlobalSection
	GlobalSection(ProjectConfigurationPlatforms) = postSolution
		{7B212053-97FC-40F2-822B-6E03E110712D}.Debug|Any CPU.ActiveCfg = Debug|Any CPU
		{7B212053-97FC-40F2-822B-6E03E110712D}.Debug|Any CPU.Build.0 = Debug|Any CPU
		{7B212053-97FC-40F2-822B-6E03E110712D}.Release|Any CPU.ActiveCfg = Release|Any CPU
		{7B212053-97FC-40F2-822B-6E03E110712D}.Release|Any CPU.Build.0 = Release|Any CPU
		{D7F21117-4710-97F2-2D2B-6FF261223F2C}.Debug|Any CPU.ActiveCfg = Debug|Any CPU
		{D7F21117-4710-97F2-2D2B-6FF261223F2C}.Debug|Any CPU.Build.0 = Debug|Any CPU
		{D7F21117-4710-97F2-2D2B-6FF261223F2C}.Release|Any CPU.ActiveCfg = Release|Any CPU
		{D7F21117-4710-97F2-2D2B-6FF261223F2C}.Release|Any CPU.Build.0 = Release|Any CPU
	EndGlobalSection
	GlobalSection(SolutionProperties) = preSolution
		HideSolutionNode = FALSE
	EndGlobalSection
EndGlobal
